
Microsoft Visual Studio Solution File, Format Version 12.00
# Visual Studio Version 17
VisualStudioVersion = 17.7.34031.279
MinimumVisualStudioVersion = 10.0.40219.1
Project("{9A19103F-16F7-4668-BE54-9A1E7A4F7556}") = "IdGeneration", "src\IdGeneration\IdGeneration.csproj", "{476C50D1-76D2-4FA3-BB04-66C81A2EF2F5}"
EndProject
Project("{FAE04EC0-301F-11D3-BF4B-00C04F79EFBC}") = "IdGeneration.Tests.Unit", "tests\IdGeneration.Tests.Unit\IdGeneration.Tests.Unit.csproj", "{300B32E2-4F15-4B5D-A379-0884F1181AA2}"
EndProject
Project("{FAE04EC0-301F-11D3-BF4B-00C04F79EFBC}") = "IdGeneration.Sample", "src\IdGeneration.Sample\IdGeneration.Sample.csproj", "{AE5FB896-0765-4E0D-AD2B-2C776EBF5FF6}"
EndProject
Global
	GlobalSection(SolutionConfigurationPlatforms) = preSolution
		Debug|Any CPU = Debug|Any CPU
		Release|Any CPU = Release|Any CPU
	EndGlobalSection
	GlobalSection(ProjectConfigurationPlatforms) = postSolution
		{476C50D1-76D2-4FA3-BB04-66C81A2EF2F5}.Debug|Any CPU.ActiveCfg = Debug|Any CPU
		{476C50D1-76D2-4FA3-BB04-66C81A2EF2F5}.Debug|Any CPU.Build.0 = Debug|Any CPU
		{476C50D1-76D2-4FA3-BB04-66C81A2EF2F5}.Release|Any CPU.ActiveCfg = Release|Any CPU
		{476C50D1-76D2-4FA3-BB04-66C81A2EF2F5}.Release|Any CPU.Build.0 = Release|Any CPU
		{300B32E2-4F15-4B5D-A379-0884F1181AA2}.Debug|Any CPU.ActiveCfg = Debug|Any CPU
		{300B32E2-4F15-4B5D-A379-0884F1181AA2}.Debug|Any CPU.Build.0 = Debug|Any CPU
		{300B32E2-4F15-4B5D-A379-0884F1181AA2}.Release|Any CPU.ActiveCfg = Release|Any CPU
		{300B32E2-4F15-4B5D-A379-0884F1181AA2}.Release|Any CPU.Build.0 = Release|Any CPU
		{AE5FB896-0765-4E0D-AD2B-2C776EBF5FF6}.Debug|Any CPU.ActiveCfg = Debug|Any CPU
		{AE5FB896-0765-4E0D-AD2B-2C776EBF5FF6}.Debug|Any CPU.Build.0 = Debug|Any CPU
		{AE5FB896-0765-4E0D-AD2B-2C776EBF5FF6}.Release|Any CPU.ActiveCfg = Release|Any CPU
		{AE5FB896-0765-4E0D-AD2B-2C776EBF5FF6}.Release|Any CPU.Build.0 = Release|Any CPU
	EndGlobalSection
	GlobalSection(SolutionProperties) = preSolution
		HideSolutionNode = FALSE
	EndGlobalSection
	GlobalSection(ExtensibilityGlobals) = postSolution
		SolutionGuid = {0BFE1762-C898-4E6C-833E-713B116A4CC4}
	EndGlobalSection
EndGlobal
